<?xml version="1.0" encoding="utf-8"?>
<Project ToolsVersion="4.0" xmlns="http://schemas.microsoft.com/developer/msbuild/2003">
  <ItemGroup>
    <Filter Include="源文件">
      <UniqueIdentifier>{4FC737F1-C7A5-4376-A066-2A32D752A2FF}</UniqueIdentifier>
      <Extensions>cpp;c;cc;cxx;def;odl;idl;hpj;bat;asm;asmx</Extensions>
    </Filter>
    <Filter Include="头文件">
      <UniqueIdentifier>{93995380-89BD-4b04-88EB-625FBE52EBFB}</UniqueIdentifier>
      <Extensions>h;hh;hpp;hxx;hm;inl;inc;ipp;xsd</Extensions>
    </Filter>
    <Filter Include="资源文件">
      <UniqueIdentifier>{67DA6AB6-F800-4c08-8B7A-83BB121AAD01}</UniqueIdentifier>
      <Extensions>rc;ico;cur;bmp;dlg;rc2;rct;bin;rgs;gif;jpg;jpeg;jpe;resx;tiff;tif;png;wav;mfcribbon-ms</Extensions>
    </Filter>
    <Filter Include="源文件\test">
      <UniqueIdentifier>{5f9984dc-7a27-4cea-b9dc-989bb1ff9a46}</UniqueIdentifier>
    </Filter>
    <Filter Include="源文件\unity">
      <UniqueIdentifier>{6fa99eb1-edc6-4e6f-a103-5f79c220c49a}</UniqueIdentifier>
    </Filter>
  </ItemGroup>
  <ItemGroup>
    <ClCompile Include="..\cantp\src\can_driver_callout.c">
      <Filter>源文件</Filter>
    </ClCompile>
    <ClCompile Include="..\cantp\src\can_link_if.c">
      <Filter>源文件</Filter>
    </ClCompile>
    <ClCompile Include="..\cantp\src\can_tp.c">
      <Filter>源文件</Filter>
    </ClCompile>
    <ClCompile Include="..\cantp\src\can_tp_cfg.c">
      <Filter>源文件</Filter>
    </ClCompile>
    <ClCompile Include="..\cantp\src\tp_ul_if.c">
      <Filter>源文件</Filter>
    </ClCompile>
    <ClCompile Include="..\..\..\..\..\unity\Unity-master\src\unity.c">
      <Filter>源文件\unity</Filter>
    </ClCompile>
    <ClCompile Include="..\..\..\..\..\unity\Unity-master\extras\fixture\src\unity_fixture.c">
      <Filter>源文件\unity</Filter>
    </ClCompile>
    <ClCompile Include="..\cantp\test\test_runners\all_tests.c">
      <Filter>源文件\test</Filter>
    </ClCompile>
    <ClCompile Include="..\cantp\test\test_runners\TestProductionCode_Runner.c">
      <Filter>源文件\test</Filter>
    </ClCompile>
    <ClCompile Include="..\cantp\test\TestSingleFrameCode.c">
      <Filter>源文件\test</Filter>
    </ClCompile>
  </ItemGroup>
  <ItemGroup>
    <ClInclude Include="..\cantp\include\can_tp.h">
      <Filter>头文件</Filter>
    </ClInclude>
    <ClInclude Include="..\cantp\include\can_tp_cfg.h">
      <Filter>头文件</Filter>
    </ClInclude>
    <ClInclude Include="..\cantp\include\std_types.h">
      <Filter>头文件</Filter>
    </ClInclude>
    <ClInclude Include="..\cantp\include\tp_ul_if.h">
      <Filter>头文件</Filter>
    </ClInclude>
    <ClInclude Include="..\cantp\test\test_code_interface.h">
      <Filter>源文件\test</Filter>
    </ClInclude>
  </ItemGroup>
</Project>